
Microsoft Visual Studio Solution File, Format Version 12.00
# Visual Studio Version 16
VisualStudioVersion = 16.0.30406.217
MinimumVisualStudioVersion = 10.0.40219.1
Project("{FAE04EC0-301F-11D3-BF4B-00C04F79EFBC}") = "Assmt 2 - GUI Debugging and Testing", "Assmt 2 - GUI Debugging and Testing.csproj", "{260F74E7-9C48-4FB0-87EC-59A471B3D81C}"
EndProject
Project("{FAE04EC0-301F-11D3-BF4B-00C04F79EFBC}") = "AdvProg Assessment 2 Test Suite", "..\AdvProg Assessment 2 Test Suite\AdvProg Assessment 2 Test Suite.csproj", "{F3653127-6B4F-48F8-9BB5-1A59119959C6}"
EndProject
Global
	GlobalSection(SolutionConfigurationPlatforms) = preSolution
		Debug|Any CPU = Debug|Any CPU
		Release|Any CPU = Release|Any CPU
	EndGlobalSection
	GlobalSection(ProjectConfigurationPlatforms) = postSolution
		{260F74E7-9C48-4FB0-87EC-59A471B3D81C}.Debug|Any CPU.ActiveCfg = Debug|Any CPU
		{260F74E7-9C48-4FB0-87EC-59A471B3D81C}.Debug|Any CPU.Build.0 = Debug|Any CPU
		{260F74E7-9C48-4FB0-87EC-59A471B3D81C}.Release|Any CPU.ActiveCfg = Release|Any CPU
		{260F74E7-9C48-4FB0-87EC-59A471B3D81C}.Release|Any CPU.Build.0 = Release|Any CPU
		{F3653127-6B4F-48F8-9BB5-1A59119959C6}.Debug|Any CPU.ActiveCfg = Debug|Any CPU
		{F3653127-6B4F-48F8-9BB5-1A59119959C6}.Debug|Any CPU.Build.0 = Debug|Any CPU
		{F3653127-6B4F-48F8-9BB5-1A59119959C6}.Release|Any CPU.ActiveCfg = Release|Any CPU
		{F3653127-6B4F-48F8-9BB5-1A59119959C6}.Release|Any CPU.Build.0 = Release|Any CPU
	EndGlobalSection
	GlobalSection(SolutionProperties) = preSolution
		HideSolutionNode = FALSE
	EndGlobalSection
	GlobalSection(ExtensibilityGlobals) = postSolution
		SolutionGuid = {928FE24C-ED3C-493D-98E6-DAC219EE868B}
	EndGlobalSection
EndGlobal
